
Microsoft Visual Studio Solution File, Format Version 12.00
# Visual Studio 15
VisualStudioVersion = 15.0.28307.168
MinimumVisualStudioVersion = 10.0.40219.1
Project("{FAE04EC0-301F-11D3-BF4B-00C04F79EFBC}") = "ShapeLibraryTests", "ShapeLibraryTests\ShapeLibraryTests.csproj", "{2FBA85CF-F975-42AF-8A3F-64BBF939F577}"
EndProject
Project("{FAE04EC0-301F-11D3-BF4B-00C04F79EFBC}") = "ShapeLibrary", "ShapeLibrary\ShapeLibrary.csproj", "{CA486A87-629A-4D44-AF15-C61CCEC4D20D}"
EndProject
Project("{2150E333-8FDC-42A3-9474-1A3956D46DE8}") = "Solution Items", "Solution Items", "{6E222146-6DC0-4873-AA96-F42128964385}"
	ProjectSection(SolutionItems) = preProject
		SqlQuery.sql = SqlQuery.sql
	EndProjectSection
EndProject
Global
	GlobalSection(SolutionConfigurationPlatforms) = preSolution
		Debug|Any CPU = Debug|Any CPU
		Release|Any CPU = Release|Any CPU
	EndGlobalSection
	GlobalSection(ProjectConfigurationPlatforms) = postSolution
		{2FBA85CF-F975-42AF-8A3F-64BBF939F577}.Debug|Any CPU.ActiveCfg = Debug|Any CPU
		{2FBA85CF-F975-42AF-8A3F-64BBF939F577}.Debug|Any CPU.Build.0 = Debug|Any CPU
		{2FBA85CF-F975-42AF-8A3F-64BBF939F577}.Release|Any CPU.ActiveCfg = Release|Any CPU
		{2FBA85CF-F975-42AF-8A3F-64BBF939F577}.Release|Any CPU.Build.0 = Release|Any CPU
		{CA486A87-629A-4D44-AF15-C61CCEC4D20D}.Debug|Any CPU.ActiveCfg = Debug|Any CPU
		{CA486A87-629A-4D44-AF15-C61CCEC4D20D}.Debug|Any CPU.Build.0 = Debug|Any CPU
		{CA486A87-629A-4D44-AF15-C61CCEC4D20D}.Release|Any CPU.ActiveCfg = Release|Any CPU
		{CA486A87-629A-4D44-AF15-C61CCEC4D20D}.Release|Any CPU.Build.0 = Release|Any CPU
	EndGlobalSection
	GlobalSection(SolutionProperties) = preSolution
		HideSolutionNode = FALSE
	EndGlobalSection
	GlobalSection(ExtensibilityGlobals) = postSolution
		SolutionGuid = {7CB8CC96-3AF3-4D4C-B454-F6F0C4B4E20C}
	EndGlobalSection
EndGlobal
